
Microsoft Visual Studio Solution File, Format Version 12.00
# Visual Studio 15
VisualStudioVersion = 15.0.26124.0
MinimumVisualStudioVersion = 15.0.26124.0
Project("{2150E333-8FDC-42A3-9474-1A3956D46DE8}") = "src", "src", "{6AD83DFB-668A-4F96-A1AA-4EF885B1BE36}"
EndProject
Project("{2150E333-8FDC-42A3-9474-1A3956D46DE8}") = "tests", "tests", "{84C1A1CD-34B4-4B09-9B68-E0E5D80F7E32}"
EndProject
Project("{FAE04EC0-301F-11D3-BF4B-00C04F79EFBC}") = "Basket.Api", "src\Basket.Api\Basket.Api.csproj", "{3DEE1228-9B9C-4E9A-B6AD-21F1BB3EEDAF}"
EndProject
Project("{FAE04EC0-301F-11D3-BF4B-00C04F79EFBC}") = "Basket.Infrastructure.Persistence", "src\Basket.Infrastructure.Persistence\Basket.Infrastructure.Persistence.csproj", "{4E9A6385-1FC5-4F52-8431-98B87985CC0F}"
EndProject
Project("{FAE04EC0-301F-11D3-BF4B-00C04F79EFBC}") = "Basket.InfrastructureTests", "tests\Basket.InfrastructureTests\Basket.InfrastructureTests.csproj", "{D103DDF4-94C3-4C7E-9340-F1F803AEA218}"
EndProject
Project("{FAE04EC0-301F-11D3-BF4B-00C04F79EFBC}") = "Basket.Core", "src\Basket.Core\Basket.Core.csproj", "{A02D3137-4B93-408E-9D46-9016278BE7D2}"
EndProject
Global
	GlobalSection(SolutionConfigurationPlatforms) = preSolution
		Debug|Any CPU = Debug|Any CPU
		Debug|x64 = Debug|x64
		Debug|x86 = Debug|x86
		Release|Any CPU = Release|Any CPU
		Release|x64 = Release|x64
		Release|x86 = Release|x86
	EndGlobalSection
	GlobalSection(SolutionProperties) = preSolution
		HideSolutionNode = FALSE
	EndGlobalSection
	GlobalSection(ProjectConfigurationPlatforms) = postSolution
		{3DEE1228-9B9C-4E9A-B6AD-21F1BB3EEDAF}.Debug|Any CPU.ActiveCfg = Debug|Any CPU
		{3DEE1228-9B9C-4E9A-B6AD-21F1BB3EEDAF}.Debug|Any CPU.Build.0 = Debug|Any CPU
		{3DEE1228-9B9C-4E9A-B6AD-21F1BB3EEDAF}.Debug|x64.ActiveCfg = Debug|Any CPU
		{3DEE1228-9B9C-4E9A-B6AD-21F1BB3EEDAF}.Debug|x64.Build.0 = Debug|Any CPU
		{3DEE1228-9B9C-4E9A-B6AD-21F1BB3EEDAF}.Debug|x86.ActiveCfg = Debug|Any CPU
		{3DEE1228-9B9C-4E9A-B6AD-21F1BB3EEDAF}.Debug|x86.Build.0 = Debug|Any CPU
		{3DEE1228-9B9C-4E9A-B6AD-21F1BB3EEDAF}.Release|Any CPU.ActiveCfg = Release|Any CPU
		{3DEE1228-9B9C-4E9A-B6AD-21F1BB3EEDAF}.Release|Any CPU.Build.0 = Release|Any CPU
		{3DEE1228-9B9C-4E9A-B6AD-21F1BB3EEDAF}.Release|x64.ActiveCfg = Release|Any CPU
		{3DEE1228-9B9C-4E9A-B6AD-21F1BB3EEDAF}.Release|x64.Build.0 = Release|Any CPU
		{3DEE1228-9B9C-4E9A-B6AD-21F1BB3EEDAF}.Release|x86.ActiveCfg = Release|Any CPU
		{3DEE1228-9B9C-4E9A-B6AD-21F1BB3EEDAF}.Release|x86.Build.0 = Release|Any CPU
		{4E9A6385-1FC5-4F52-8431-98B87985CC0F}.Debug|Any CPU.ActiveCfg = Debug|Any CPU
		{4E9A6385-1FC5-4F52-8431-98B87985CC0F}.Debug|Any CPU.Build.0 = Debug|Any CPU
		{4E9A6385-1FC5-4F52-8431-98B87985CC0F}.Debug|x64.ActiveCfg = Debug|Any CPU
		{4E9A6385-1FC5-4F52-8431-98B87985CC0F}.Debug|x64.Build.0 = Debug|Any CPU
		{4E9A6385-1FC5-4F52-8431-98B87985CC0F}.Debug|x86.ActiveCfg = Debug|Any CPU
		{4E9A6385-1FC5-4F52-8431-98B87985CC0F}.Debug|x86.Build.0 = Debug|Any CPU
		{4E9A6385-1FC5-4F52-8431-98B87985CC0F}.Release|Any CPU.ActiveCfg = Release|Any CPU
		{4E9A6385-1FC5-4F52-8431-98B87985CC0F}.Release|Any CPU.Build.0 = Release|Any CPU
		{4E9A6385-1FC5-4F52-8431-98B87985CC0F}.Release|x64.ActiveCfg = Release|Any CPU
		{4E9A6385-1FC5-4F52-8431-98B87985CC0F}.Release|x64.Build.0 = Release|Any CPU
		{4E9A6385-1FC5-4F52-8431-98B87985CC0F}.Release|x86.ActiveCfg = Release|Any CPU
		{4E9A6385-1FC5-4F52-8431-98B87985CC0F}.Release|x86.Build.0 = Release|Any CPU
		{D103DDF4-94C3-4C7E-9340-F1F803AEA218}.Debug|Any CPU.ActiveCfg = Debug|Any CPU
		{D103DDF4-94C3-4C7E-9340-F1F803AEA218}.Debug|Any CPU.Build.0 = Debug|Any CPU
		{D103DDF4-94C3-4C7E-9340-F1F803AEA218}.Debug|x64.ActiveCfg = Debug|Any CPU
		{D103DDF4-94C3-4C7E-9340-F1F803AEA218}.Debug|x64.Build.0 = Debug|Any CPU
		{D103DDF4-94C3-4C7E-9340-F1F803AEA218}.Debug|x86.ActiveCfg = Debug|Any CPU
		{D103DDF4-94C3-4C7E-9340-F1F803AEA218}.Debug|x86.Build.0 = Debug|Any CPU
		{D103DDF4-94C3-4C7E-9340-F1F803AEA218}.Release|Any CPU.ActiveCfg = Release|Any CPU
		{D103DDF4-94C3-4C7E-9340-F1F803AEA218}.Release|Any CPU.Build.0 = Release|Any CPU
		{D103DDF4-94C3-4C7E-9340-F1F803AEA218}.Release|x64.ActiveCfg = Release|Any CPU
		{D103DDF4-94C3-4C7E-9340-F1F803AEA218}.Release|x64.Build.0 = Release|Any CPU
		{D103DDF4-94C3-4C7E-9340-F1F803AEA218}.Release|x86.ActiveCfg = Release|Any CPU
		{D103DDF4-94C3-4C7E-9340-F1F803AEA218}.Release|x86.Build.0 = Release|Any CPU
		{A02D3137-4B93-408E-9D46-9016278BE7D2}.Debug|Any CPU.ActiveCfg = Debug|Any CPU
		{A02D3137-4B93-408E-9D46-9016278BE7D2}.Debug|Any CPU.Build.0 = Debug|Any CPU
		{A02D3137-4B93-408E-9D46-9016278BE7D2}.Debug|x64.ActiveCfg = Debug|Any CPU
		{A02D3137-4B93-408E-9D46-9016278BE7D2}.Debug|x64.Build.0 = Debug|Any CPU
		{A02D3137-4B93-408E-9D46-9016278BE7D2}.Debug|x86.ActiveCfg = Debug|Any CPU
		{A02D3137-4B93-408E-9D46-9016278BE7D2}.Debug|x86.Build.0 = Debug|Any CPU
		{A02D3137-4B93-408E-9D46-9016278BE7D2}.Release|Any CPU.ActiveCfg = Release|Any CPU
		{A02D3137-4B93-408E-9D46-9016278BE7D2}.Release|Any CPU.Build.0 = Release|Any CPU
		{A02D3137-4B93-408E-9D46-9016278BE7D2}.Release|x64.ActiveCfg = Release|Any CPU
		{A02D3137-4B93-408E-9D46-9016278BE7D2}.Release|x64.Build.0 = Release|Any CPU
		{A02D3137-4B93-408E-9D46-9016278BE7D2}.Release|x86.ActiveCfg = Release|Any CPU
		{A02D3137-4B93-408E-9D46-9016278BE7D2}.Release|x86.Build.0 = Release|Any CPU
	EndGlobalSection
	GlobalSection(NestedProjects) = preSolution
		{3DEE1228-9B9C-4E9A-B6AD-21F1BB3EEDAF} = {6AD83DFB-668A-4F96-A1AA-4EF885B1BE36}
		{4E9A6385-1FC5-4F52-8431-98B87985CC0F} = {6AD83DFB-668A-4F96-A1AA-4EF885B1BE36}
		{D103DDF4-94C3-4C7E-9340-F1F803AEA218} = {84C1A1CD-34B4-4B09-9B68-E0E5D80F7E32}
		{A02D3137-4B93-408E-9D46-9016278BE7D2} = {6AD83DFB-668A-4F96-A1AA-4EF885B1BE36}
	EndGlobalSection
EndGlobal
